
Microsoft Visual Studio Solution File, Format Version 12.00
# Visual Studio Version 16
VisualStudioVersion = 16.0.29020.237
MinimumVisualStudioVersion = 10.0.40219.1
Project("{FAE04EC0-301F-11D3-BF4B-00C04F79EFBC}") = "RyzenPerf", "RyzenPerf\RyzenPerf.csproj", "{02C4661A-B06E-4CFB-A91C-7A842DDA9E7C}"
EndProject
Global
	GlobalSection(SolutionConfigurationPlatforms) = preSolution
		Debug|Any CPU = Debug|Any CPU
		Release|Any CPU = Release|Any CPU
	EndGlobalSection
	GlobalSection(ProjectConfigurationPlatforms) = postSolution
		{02C4661A-B06E-4CFB-A91C-7A842DDA9E7C}.Debug|Any CPU.ActiveCfg = Debug|Any CPU
		{02C4661A-B06E-4CFB-A91C-7A842DDA9E7C}.Debug|Any CPU.Build.0 = Debug|Any CPU
		{02C4661A-B06E-4CFB-A91C-7A842DDA9E7C}.Release|Any CPU.ActiveCfg = Release|Any CPU
		{02C4661A-B06E-4CFB-A91C-7A842DDA9E7C}.Release|Any CPU.Build.0 = Release|Any CPU
	EndGlobalSection
	GlobalSection(SolutionProperties) = preSolution
		HideSolutionNode = FALSE
	EndGlobalSection
	GlobalSection(ExtensibilityGlobals) = postSolution
		SolutionGuid = {BE094C5C-318C-4AAB-A7AD-D6E0B2261CB4}
	EndGlobalSection
EndGlobal
